// !$*UTF8*$!
{
	archiveVersion = 1;
	classes = {
	};
	objectVersion = 46;
	objects = {
		7791E6BA3EAB1CB1BA2AD588 = {
			isa = PBXBuildFile;
			fileRef = 90356ACE1B5CD6E5D9DEE371;
		};
		0C5766E48C796C2BE2490406 = {
			isa = PBXBuildFile;
			fileRef = 7CB20046B503C02C8E3BBA61;
		};
		941A419BFEAE9856B1E60098 = {
			isa = PBXBuildFile;
			fileRef = 26B08FD96EF5F1C855C339CB;
		};
		AA456DAA58AB2898238103BA = {
			isa = PBXBuildFile;
			fileRef = 74608B598AE38342654293F2;
		};
		E5271D3BCA6FCC506DF02187 = {
			isa = PBXBuildFile;
			fileRef = AFA36C201606EF09BF28442C;
		};
		9086129A48FAFFDDBBC1B482 = {
			isa = PBXBuildFile;
			fileRef = 523CB4DA6C846455A9557EB9;
		};
		EA61D8A52D277D306C679FD4 = {
			isa = PBXBuildFile;
			fileRef = 226F4CB02EF1F3DED57CDB3A;
		};
		55539D85E10024AC491FA926 = {
			isa = PBXBuildFile;
			fileRef = 73293DDB6DF8A19F733CFB27;
		};
		5D38C3F60E2C222BE87185D2 = {
			isa = PBXBuildFile;
			fileRef = 4EF28E6C43803CA671A33FAD;
		};
		2B545589B1A6BB6F0AE8EF34 = {
			isa = PBXBuildFile;
			fileRef = 1D1D9346B6D13AB74F89867C;
		};
		BA6BDDF684CDDCF0F6DC20F6 = {
			isa = PBXBuildFile;
			fileRef = CFDAB4944FD592A0E4007349;
		};
		FC9B113A6177CC3025B87C44 = {
			isa = PBXBuildFile;
			fileRef = 6FEFD6DC82D0EC1EEEDBCB92;
		};
		B013DD0432BFFA49DEC5CD26 = {
			isa = PBXBuildFile;
			fileRef = EA8704DF82375ACDC252649E;
		};
		250085B3E0681851E1993755 = {
			isa = PBXBuildFile;
			fileRef = F16C21BCEF9C626EBB50BDD2;
		};
		23153F859CABCB2B2A54C449 = {
			isa = PBXBuildFile;
			fileRef = DE0004528484C0675C780EF1;
		};
		DB4C8946A090FFA46FF14868 = {
			isa = PBXBuildFile;
			fileRef = FA568FAF50C1C1C3FFBC7833;
		};
		5532207F31C0F3EBDA84995E = {
			isa = PBXBuildFile;
			fileRef = EF57CC28C448F9A644646B89;
		};
		34E5AC9402F19AB91C656B55 = {
			isa = PBXBuildFile;
			fileRef = B520D787F83F084CEE7EF4D9;
		};
		CF2D10900D0A09EDB609A29E = {
			isa = PBXBuildFile;
			fileRef = B867B3B59A2B3E75F3EC29FF;
		};
		FA300114F5DEB6BACB7A8908 = {
			isa = PBXBuildFile;
			fileRef = F7CEA95870EE350EF4614A26;
		};
		070C1CB3D57C589550F3B766 = {
			isa = PBXBuildFile;
			fileRef = A34997B47D9DC26AC6C95A80;
		};
		64358E9BFE18191FFF0DFCFD = {
			isa = PBXBuildFile;
			fileRef = 167338F6C2BFA0CD22BCDB21;
		};
		F035D995BC51B30511428C02 = {
			isa = PBXBuildFile;
			fileRef = 6F7A3CDE45D7695704A28014;
		};
		475035956996CDF9211A19EA = {
			isa = PBXBuildFile;
			fileRef = 6E75884021B47A905AFEEECF;
		};
		8FF2E1AF2D29103564D5B8DE = {
			isa = PBXBuildFile;
			fileRef = E9AC20F8B7C11B916918C9F0;
		};
		22D8FABEE2CC910240359D70 = {
			isa = PBXBuildFile;
			fileRef = 7EB67E0879C19063EDAB5358;
		};
		FF1E2E9A665D4F16DFF17FF9 = {
			isa = PBXBuildFile;
			fileRef = 1CE28F820E07082DEBE1DE7A;
		};
		919DD691E822BB2668A10C85 = {
			isa = PBXBuildFile;
			fileRef = 3EE65DF05716784F763A2F82;
		};
		DFAE46F6ABFAD03C81B6BDF2 = {
			isa = PBXBuildFile;
			fileRef = DB76CBD4CEB5240C1D13CF36;
		};
		0D6CC94349FA5E54F361CB7A = {
			isa = PBXFileReference;
			lastKnownFileType = text.plist.xml;
			name = "Info-App.plist";
			path = "Info-App.plist";
			sourceTree = "SOURCE_ROOT";
		};
		167338F6C2BFA0CD22BCDB21 = {
			isa = PBXFileReference;
			lastKnownFileType = sourcecode.cpp.objcpp;
			name = "include_juce_core.mm";
			path = "../../JuceLibraryCode/include_juce_core.mm";
			sourceTree = "SOURCE_ROOT";
		};
		1CE28F820E07082DEBE1DE7A = {
			isa = PBXFileReference;
			lastKnownFileType = sourcecode.cpp.objcpp;
			name = "include_juce_gui_basics.mm";
			path = "../../JuceLibraryCode/include_juce_gui_basics.mm";
			sourceTree = "SOURCE_ROOT";
		};
		1D1D9346B6D13AB74F89867C = {
			isa = PBXFileReference;
			lastKnownFileType = wrapper.framework;
			name = OpenGL.framework;
			path = System/Library/Frameworks/OpenGL.framework;
			sourceTree = SDKROOT;
		};
		20B91C895CB484EDE1C02901 = {
			isa = PBXFileReference;
			lastKnownFileType = file;
			name = "juce_events";
			path = "/Users/silvinwillemsen/Documents/JUCE/modules/juce_events";
			sourceTree = "<absolute>";
		};
		226DB0151A6DDAADA868B24B = {
			isa = PBXFileReference;
			lastKnownFileType = file;
			name = "juce_core";
			path = "/Users/silvinwillemsen/Documents/JUCE/modules/juce_core";
			sourceTree = "<absolute>";
		};
		226F4CB02EF1F3DED57CDB3A = {
			isa = PBXFileReference;
			lastKnownFileType = wrapper.framework;
			name = CoreMIDI.framework;
			path = System/Library/Frameworks/CoreMIDI.framework;
			sourceTree = SDKROOT;
		};
		26B08FD96EF5F1C855C339CB = {
			isa = PBXFileReference;
			lastKnownFileType = wrapper.framework;
			name = AudioToolbox.framework;
			path = System/Library/Frameworks/AudioToolbox.framework;
			sourceTree = SDKROOT;
		};
		3EE65DF05716784F763A2F82 = {
			isa = PBXFileReference;
			lastKnownFileType = sourcecode.cpp.objcpp;
			name = "include_juce_gui_extra.mm";
			path = "../../JuceLibraryCode/include_juce_gui_extra.mm";
			sourceTree = "SOURCE_ROOT";
		};
		4E43DD09E57090BDA0C036CD = {
			isa = PBXFileReference;
			lastKnownFileType = file;
			name = "juce_opengl";
			path = "/Users/silvinwillemsen/Documents/JUCE/modules/juce_opengl";
			sourceTree = "<absolute>";
		};
		4EF28E6C43803CA671A33FAD = {
			isa = PBXFileReference;
			lastKnownFileType = wrapper.framework;
			name = IOKit.framework;
			path = System/Library/Frameworks/IOKit.framework;
			sourceTree = SDKROOT;
		};
		5107E0FBC49561E019A2B7BC = {
			isa = PBXFileReference;
			lastKnownFileType = file;
			name = "juce_gui_basics";
			path = "/Users/silvinwillemsen/Documents/JUCE/modules/juce_gui_basics";
			sourceTree = "<absolute>";
		};
		523CB4DA6C846455A9557EB9 = {
			isa = PBXFileReference;
			lastKnownFileType = wrapper.framework;
			name = CoreAudio.framework;
			path = System/Library/Frameworks/CoreAudio.framework;
			sourceTree = SDKROOT;
		};
		549908198EC824D59EA8AC9D = {
			isa = PBXFileReference;
			lastKnownFileType = sourcecode.c.h;
			name = violinString.h;
			path = ../../Source/violinString.h;
			sourceTree = "SOURCE_ROOT";
		};
		58D769C8D731FB79CE6B8E1A = {
			isa = PBXFileReference;
			lastKnownFileType = file;
			name = "juce_gui_extra";
			path = "/Users/silvinwillemsen/Documents/JUCE/modules/juce_gui_extra";
			sourceTree = "<absolute>";
		};
		5CF77EBB3DD66CA4B6CE45B5 = {
			isa = PBXFileReference;
			lastKnownFileType = sourcecode.c.h;
			name = JuceHeader.h;
			path = ../../JuceLibraryCode/JuceHeader.h;
			sourceTree = "SOURCE_ROOT";
		};
		5E17EEFEE10341EE9015B057 = {
			isa = PBXFileReference;
			lastKnownFileType = file;
			name = "juce_audio_devices";
			path = "/Users/silvinwillemsen/Documents/JUCE/modules/juce_audio_devices";
			sourceTree = "<absolute>";
		};
		6C04446FE753645D2174FA64 = {
			isa = PBXFileReference;
			lastKnownFileType = file;
			name = "juce_audio_basics";
			path = "/Users/silvinwillemsen/Documents/JUCE/modules/juce_audio_basics";
			sourceTree = "<absolute>";
		};
		6E75884021B47A905AFEEECF = {
			isa = PBXFileReference;
			lastKnownFileType = sourcecode.cpp.objcpp;
			name = "include_juce_data_structures.mm";
			path = "../../JuceLibraryCode/include_juce_data_structures.mm";
			sourceTree = "SOURCE_ROOT";
		};
		6F7A3CDE45D7695704A28014 = {
			isa = PBXFileReference;
			lastKnownFileType = sourcecode.cpp.objcpp;
			name = "include_juce_cryptography.mm";
			path = "../../JuceLibraryCode/include_juce_cryptography.mm";
			sourceTree = "SOURCE_ROOT";
		};
		6FEFD6DC82D0EC1EEEDBCB92 = {
			isa = PBXFileReference;
			lastKnownFileType = wrapper.framework;
			name = WebKit.framework;
			path = System/Library/Frameworks/WebKit.framework;
			sourceTree = SDKROOT;
		};
		73293DDB6DF8A19F733CFB27 = {
			isa = PBXFileReference;
			lastKnownFileType = wrapper.framework;
			name = DiscRecording.framework;
			path = System/Library/Frameworks/DiscRecording.framework;
			sourceTree = SDKROOT;
		};
		74608B598AE38342654293F2 = {
			isa = PBXFileReference;
			lastKnownFileType = wrapper.framework;
			name = Carbon.framework;
			path = System/Library/Frameworks/Carbon.framework;
			sourceTree = SDKROOT;
		};
		771DFE82484B811BE912C96C = {
			isa = PBXFileReference;
			lastKnownFileType = sourcecode.c.h;
			name = MainComponent.h;
			path = ../../Source/MainComponent.h;
			sourceTree = "SOURCE_ROOT";
		};
		7A1050605AAD7BE26A0AE094 = {
			isa = PBXFileReference;
			lastKnownFileType = file;
			name = "juce_graphics";
			path = "/Users/silvinwillemsen/Documents/JUCE/modules/juce_graphics";
			sourceTree = "<absolute>";
		};
		7CB20046B503C02C8E3BBA61 = {
			isa = PBXFileReference;
			lastKnownFileType = wrapper.framework;
			name = Accelerate.framework;
			path = System/Library/Frameworks/Accelerate.framework;
			sourceTree = SDKROOT;
		};
		7EB67E0879C19063EDAB5358 = {
			isa = PBXFileReference;
			lastKnownFileType = sourcecode.cpp.objcpp;
			name = "include_juce_graphics.mm";
			path = "../../JuceLibraryCode/include_juce_graphics.mm";
			sourceTree = "SOURCE_ROOT";
		};
		8A259380A46D794CC06C8AD4 = {
			isa = PBXFileReference;
			lastKnownFileType = sourcecode.c.h;
			name = AppConfig.h;
			path = ../../JuceLibraryCode/AppConfig.h;
			sourceTree = "SOURCE_ROOT";
		};
		90356ACE1B5CD6E5D9DEE371 = {
			isa = PBXFileReference;
			explicitFileType = wrapper.application;
			includeInIndex = 0;
			path = BowedString.app;
			sourceTree = "BUILT_PRODUCTS_DIR";
		};
		A34997B47D9DC26AC6C95A80 = {
			isa = PBXFileReference;
			lastKnownFileType = sourcecode.cpp.objcpp;
			name = "include_juce_audio_utils.mm";
			path = "../../JuceLibraryCode/include_juce_audio_utils.mm";
			sourceTree = "SOURCE_ROOT";
		};
		ACBA1587E4193D09F3CF5C5A = {
			isa = PBXFileReference;
			lastKnownFileType = file;
			name = "juce_data_structures";
			path = "/Users/silvinwillemsen/Documents/JUCE/modules/juce_data_structures";
			sourceTree = "<absolute>";
		};
		AFA36C201606EF09BF28442C = {
			isa = PBXFileReference;
			lastKnownFileType = wrapper.framework;
			name = Cocoa.framework;
			path = System/Library/Frameworks/Cocoa.framework;
			sourceTree = SDKROOT;
		};
		B51199D2EAEDDEBC72AF215A = {
			isa = PBXFileReference;
			lastKnownFileType = file;
			name = "juce_audio_formats";
			path = "/Users/silvinwillemsen/Documents/JUCE/modules/juce_audio_formats";
			sourceTree = "<absolute>";
		};
		B520D787F83F084CEE7EF4D9 = {
			isa = PBXFileReference;
			lastKnownFileType = sourcecode.cpp.objcpp;
			name = "include_juce_audio_devices.mm";
			path = "../../JuceLibraryCode/include_juce_audio_devices.mm";
			sourceTree = "SOURCE_ROOT";
		};
		B867B3B59A2B3E75F3EC29FF = {
			isa = PBXFileReference;
			lastKnownFileType = sourcecode.cpp.objcpp;
			name = "include_juce_audio_formats.mm";
			path = "../../JuceLibraryCode/include_juce_audio_formats.mm";
			sourceTree = "SOURCE_ROOT";
		};
		C2564FE536A3A0868D8739F5 = {
			isa = PBXFileReference;
			lastKnownFileType = file;
			name = "juce_audio_utils";
			path = "/Users/silvinwillemsen/Documents/JUCE/modules/juce_audio_utils";
			sourceTree = "<absolute>";
		};
		C76F220BAE6752781CC84006 = {
			isa = PBXFileReference;
			lastKnownFileType = file;
			name = "juce_cryptography";
			path = "/Users/silvinwillemsen/Documents/JUCE/modules/juce_cryptography";
			sourceTree = "<absolute>";
		};
		CCB78BC8C8F1DCC5A18B1561 = {
			isa = PBXFileReference;
			lastKnownFileType = file;
			name = "juce_audio_processors";
			path = "/Users/silvinwillemsen/Documents/JUCE/modules/juce_audio_processors";
			sourceTree = "<absolute>";
		};
		CFDAB4944FD592A0E4007349 = {
			isa = PBXFileReference;
			lastKnownFileType = wrapper.framework;
			name = QuartzCore.framework;
			path = System/Library/Frameworks/QuartzCore.framework;
			sourceTree = SDKROOT;
		};
		DB76CBD4CEB5240C1D13CF36 = {
			isa = PBXFileReference;
			lastKnownFileType = sourcecode.cpp.objcpp;
			name = "include_juce_opengl.mm";
			path = "../../JuceLibraryCode/include_juce_opengl.mm";
			sourceTree = "SOURCE_ROOT";
		};
		DE0004528484C0675C780EF1 = {
			isa = PBXFileReference;
			lastKnownFileType = sourcecode.cpp.cpp;
			name = MainComponent.cpp;
			path = ../../Source/MainComponent.cpp;
			sourceTree = "SOURCE_ROOT";
		};
		E9AC20F8B7C11B916918C9F0 = {
			isa = PBXFileReference;
			lastKnownFileType = sourcecode.cpp.objcpp;
			name = "include_juce_events.mm";
			path = "../../JuceLibraryCode/include_juce_events.mm";
			sourceTree = "SOURCE_ROOT";
		};
		EA8704DF82375ACDC252649E = {
			isa = PBXFileReference;
			lastKnownFileType = file.nib;
			name = RecentFilesMenuTemplate.nib;
			path = RecentFilesMenuTemplate.nib;
			sourceTree = "SOURCE_ROOT";
		};
		EF57CC28C448F9A644646B89 = {
			isa = PBXFileReference;
			lastKnownFileType = sourcecode.cpp.objcpp;
			name = "include_juce_audio_basics.mm";
			path = "../../JuceLibraryCode/include_juce_audio_basics.mm";
			sourceTree = "SOURCE_ROOT";
		};
		F16C21BCEF9C626EBB50BDD2 = {
			isa = PBXFileReference;
			lastKnownFileType = sourcecode.cpp.cpp;
			name = violinString.cpp;
			path = ../../Source/violinString.cpp;
			sourceTree = "SOURCE_ROOT";
		};
		F7CEA95870EE350EF4614A26 = {
			isa = PBXFileReference;
			lastKnownFileType = sourcecode.cpp.objcpp;
			name = "include_juce_audio_processors.mm";
			path = "../../JuceLibraryCode/include_juce_audio_processors.mm";
			sourceTree = "SOURCE_ROOT";
		};
		FA568FAF50C1C1C3FFBC7833 = {
			isa = PBXFileReference;
			lastKnownFileType = sourcecode.cpp.cpp;
			name = Main.cpp;
			path = ../../Source/Main.cpp;
			sourceTree = "SOURCE_ROOT";
		};
		BFD20362925B2070FA82E25E = {
			isa = PBXGroup;
			children = (
				F16C21BCEF9C626EBB50BDD2,
				549908198EC824D59EA8AC9D,
				771DFE82484B811BE912C96C,
				DE0004528484C0675C780EF1,
				FA568FAF50C1C1C3FFBC7833,
			);
			name = Source;
			sourceTree = "<group>";
		};
		A36649C1E523610742B8174E = {
			isa = PBXGroup;
			children = (
				BFD20362925B2070FA82E25E,
			);
			name = BowedString;
			sourceTree = "<group>";
		};
		B0BFD152D7D345D0CED0A079 = {
			isa = PBXGroup;
			children = (
				6C04446FE753645D2174FA64,
				5E17EEFEE10341EE9015B057,
				B51199D2EAEDDEBC72AF215A,
				CCB78BC8C8F1DCC5A18B1561,
				C2564FE536A3A0868D8739F5,
				226DB0151A6DDAADA868B24B,
				C76F220BAE6752781CC84006,
				ACBA1587E4193D09F3CF5C5A,
				20B91C895CB484EDE1C02901,
				7A1050605AAD7BE26A0AE094,
				5107E0FBC49561E019A2B7BC,
				58D769C8D731FB79CE6B8E1A,
				4E43DD09E57090BDA0C036CD,
			);
			name = "JUCE Modules";
			sourceTree = "<group>";
		};
		32D6AA83914BCE9D85C72400 = {
			isa = PBXGroup;
			children = (
				8A259380A46D794CC06C8AD4,
				EF57CC28C448F9A644646B89,
				B520D787F83F084CEE7EF4D9,
				B867B3B59A2B3E75F3EC29FF,
				F7CEA95870EE350EF4614A26,
				A34997B47D9DC26AC6C95A80,
				167338F6C2BFA0CD22BCDB21,
				6F7A3CDE45D7695704A28014,
				6E75884021B47A905AFEEECF,
				E9AC20F8B7C11B916918C9F0,
				7EB67E0879C19063EDAB5358,
				1CE28F820E07082DEBE1DE7A,
				3EE65DF05716784F763A2F82,
				DB76CBD4CEB5240C1D13CF36,
				5CF77EBB3DD66CA4B6CE45B5,
			);
			name = "JUCE Library Code";
			sourceTree = "<group>";
		};
		1783EDB6BB218F907336DAAD = {
			isa = PBXGroup;
			children = (
				0D6CC94349FA5E54F361CB7A,
				EA8704DF82375ACDC252649E,
			);
			name = Resources;
			sourceTree = "<group>";
		};
		5749F321998D01599B5EF767 = {
			isa = PBXGroup;
			children = (
				7CB20046B503C02C8E3BBA61,
				26B08FD96EF5F1C855C339CB,
				74608B598AE38342654293F2,
				AFA36C201606EF09BF28442C,
				523CB4DA6C846455A9557EB9,
				226F4CB02EF1F3DED57CDB3A,
				73293DDB6DF8A19F733CFB27,
				4EF28E6C43803CA671A33FAD,
				1D1D9346B6D13AB74F89867C,
				CFDAB4944FD592A0E4007349,
				6FEFD6DC82D0EC1EEEDBCB92,
			);
			name = Frameworks;
			sourceTree = "<group>";
		};
		6AC6C7806F84E74CF5DF3B5E = {
			isa = PBXGroup;
			children = (
				90356ACE1B5CD6E5D9DEE371,
			);
			name = Products;
			sourceTree = "<group>";
		};
		AFBC8E2D56419608A77738A3 = {
			isa = PBXGroup;
			children = (
				A36649C1E523610742B8174E,
				B0BFD152D7D345D0CED0A079,
				32D6AA83914BCE9D85C72400,
				1783EDB6BB218F907336DAAD,
				5749F321998D01599B5EF767,
				6AC6C7806F84E74CF5DF3B5E,
			);
			name = Source;
			sourceTree = "<group>";
		};
		61013E1CE1974E0C76A3EBC0 = {
			isa = XCBuildConfiguration;
			buildSettings = {
				CLANG_CXX_LANGUAGE_STANDARD = "c++14";
				CLANG_CXX_LIBRARY = "libc++";
				CLANG_LINK_OBJC_RUNTIME = NO;
				COMBINE_HIDPI_IMAGES = YES;
				CONFIGURATION_BUILD_DIR = "$(PROJECT_DIR)/build/$(CONFIGURATION)";
				COPY_PHASE_STRIP = NO;
				GCC_DYNAMIC_NO_PIC = NO;
				GCC_OPTIMIZATION_LEVEL = 0;
				GCC_PREPROCESSOR_DEFINITIONS = (
					"_DEBUG=1",
					"DEBUG=1",
					"JUCER_XCODE_MAC_F6D2F4CF=1",
					"JUCE_APP_VERSION=1.0.0",
					"JUCE_APP_VERSION_HEX=0x10000",
					"JucePlugin_Build_VST=0",
					"JucePlugin_Build_VST3=0",
					"JucePlugin_Build_AU=0",
					"JucePlugin_Build_AUv3=0",
					"JucePlugin_Build_RTAS=0",
					"JucePlugin_Build_AAX=0",
					"JucePlugin_Build_Standalone=0",
					"JucePlugin_Build_Unity=0",
				);
				GCC_VERSION = com.apple.compilers.llvm.clang.1_0;
				HEADER_SEARCH_PATHS = (
					"../../JuceLibraryCode",
					"/Users/silvinwillemsen/Documents/JUCE/modules",
					"$(inherited)",
				);
				INFOPLIST_FILE = Info-App.plist;
				INFOPLIST_PREPROCESS = NO;
				INSTALL_PATH = "$(HOME)/Applications";
				MACOSX_DEPLOYMENT_TARGET = 10.11;
				PRODUCT_BUNDLE_IDENTIFIER = com.yourcompany.BowedString;
				PRODUCT_NAME = "BowedString";
				USE_HEADERMAP = NO;
			};
			name = Debug;
		};
		01231EBB616564EBD110842A = {
			isa = XCBuildConfiguration;
			buildSettings = {
				CLANG_CXX_LANGUAGE_STANDARD = "c++14";
				CLANG_CXX_LIBRARY = "libc++";
				CLANG_LINK_OBJC_RUNTIME = NO;
				COMBINE_HIDPI_IMAGES = YES;
				CONFIGURATION_BUILD_DIR = "$(PROJECT_DIR)/build/$(CONFIGURATION)";
				DEAD_CODE_STRIPPING = YES;
				GCC_GENERATE_DEBUGGING_SYMBOLS = NO;
				GCC_OPTIMIZATION_LEVEL = 3;
				GCC_PREPROCESSOR_DEFINITIONS = (
					"_NDEBUG=1",
					"NDEBUG=1",
					"JUCER_XCODE_MAC_F6D2F4CF=1",
					"JUCE_APP_VERSION=1.0.0",
					"JUCE_APP_VERSION_HEX=0x10000",
					"JucePlugin_Build_VST=0",
					"JucePlugin_Build_VST3=0",
					"JucePlugin_Build_AU=0",
					"JucePlugin_Build_AUv3=0",
					"JucePlugin_Build_RTAS=0",
					"JucePlugin_Build_AAX=0",
					"JucePlugin_Build_Standalone=0",
					"JucePlugin_Build_Unity=0",
				);
				GCC_SYMBOLS_PRIVATE_EXTERN = YES;
				GCC_VERSION = com.apple.compilers.llvm.clang.1_0;
				HEADER_SEARCH_PATHS = (
					"../../JuceLibraryCode",
					"/Users/silvinwillemsen/Documents/JUCE/modules",
					"$(inherited)",
				);
				INFOPLIST_FILE = Info-App.plist;
				INFOPLIST_PREPROCESS = NO;
				INSTALL_PATH = "$(HOME)/Applications";
				LLVM_LTO = YES;
				MACOSX_DEPLOYMENT_TARGET = 10.11;
				PRODUCT_BUNDLE_IDENTIFIER = com.yourcompany.BowedString;
				PRODUCT_NAME = "BowedString";
				USE_HEADERMAP = NO;
			};
			name = Release;
		};
		61B5F54286370A0F82A6D771 = {
			isa = XCBuildConfiguration;
			buildSettings = {
				ALWAYS_SEARCH_USER_PATHS = NO;
				CLANG_ENABLE_OBJC_WEAK = YES;
				CLANG_WARN_BLOCK_CAPTURE_AUTORELEASING = YES;
				CLANG_WARN_BOOL_CONVERSION = YES;
				CLANG_WARN_COMMA = YES;
				CLANG_WARN_CONSTANT_CONVERSION = YES;
				CLANG_WARN_DEPRECATED_OBJC_IMPLEMENTATIONS = YES;
				CLANG_WARN_EMPTY_BODY = YES;
				CLANG_WARN_ENUM_CONVERSION = YES;
				CLANG_WARN_INFINITE_RECURSION = YES;
				CLANG_WARN_INT_CONVERSION = YES;
				CLANG_WARN_NON_LITERAL_NULL_CONVERSION = YES;
				CLANG_WARN_OBJC_IMPLICIT_RETAIN_SELF = YES;
				CLANG_WARN_OBJC_LITERAL_CONVERSION = YES;
				CLANG_WARN_RANGE_LOOP_ANALYSIS = YES;
				CLANG_WARN_STRICT_PROTOTYPES = YES;
				CLANG_WARN_SUSPICIOUS_MOVE = YES;
				CLANG_WARN_UNREACHABLE_CODE = YES;
				CLANG_WARN__DUPLICATE_METHOD_MATCH = YES;
				DEBUG_INFORMATION_FORMAT = "dwarf";
				ENABLE_STRICT_OBJC_MSGSEND = YES;
				ENABLE_TESTABILITY = YES;
				GCC_C_LANGUAGE_STANDARD = c11;
				GCC_INLINES_ARE_PRIVATE_EXTERN = YES;
				GCC_MODEL_TUNING = G5;
				GCC_NO_COMMON_BLOCKS = YES;
				GCC_WARN_64_TO_32_BIT_CONVERSION = YES;
				GCC_WARN_ABOUT_RETURN_TYPE = YES;
				GCC_WARN_CHECK_SWITCH_STATEMENTS = YES;
				GCC_WARN_MISSING_PARENTHESES = YES;
				GCC_WARN_NON_VIRTUAL_DESTRUCTOR = YES;
				GCC_WARN_TYPECHECK_CALLS_TO_PRINTF = YES;
				GCC_WARN_UNDECLARED_SELECTOR = YES;
				GCC_WARN_UNINITIALIZED_AUTOS = YES;
				GCC_WARN_UNUSED_FUNCTION = YES;
				GCC_WARN_UNUSED_VARIABLE = YES;
				ONLY_ACTIVE_ARCH = YES;
				PRODUCT_NAME = "BowedString";
				WARNING_CFLAGS = -Wreorder;
				ZERO_LINK = NO;
			};
			name = Debug;
		};
		E90B0AE8C8329A087FCF4DC3 = {
			isa = XCBuildConfiguration;
			buildSettings = {
				ALWAYS_SEARCH_USER_PATHS = NO;
				CLANG_ENABLE_OBJC_WEAK = YES;
				CLANG_WARN_BLOCK_CAPTURE_AUTORELEASING = YES;
				CLANG_WARN_BOOL_CONVERSION = YES;
				CLANG_WARN_COMMA = YES;
				CLANG_WARN_CONSTANT_CONVERSION = YES;
				CLANG_WARN_DEPRECATED_OBJC_IMPLEMENTATIONS = YES;
				CLANG_WARN_EMPTY_BODY = YES;
				CLANG_WARN_ENUM_CONVERSION = YES;
				CLANG_WARN_INFINITE_RECURSION = YES;
				CLANG_WARN_INT_CONVERSION = YES;
				CLANG_WARN_NON_LITERAL_NULL_CONVERSION = YES;
				CLANG_WARN_OBJC_IMPLICIT_RETAIN_SELF = YES;
				CLANG_WARN_OBJC_LITERAL_CONVERSION = YES;
				CLANG_WARN_RANGE_LOOP_ANALYSIS = YES;
				CLANG_WARN_STRICT_PROTOTYPES = YES;
				CLANG_WARN_SUSPICIOUS_MOVE = YES;
				CLANG_WARN_UNREACHABLE_CODE = YES;
				CLANG_WARN__DUPLICATE_METHOD_MATCH = YES;
				DEBUG_INFORMATION_FORMAT = "dwarf";
				ENABLE_STRICT_OBJC_MSGSEND = YES;
				GCC_C_LANGUAGE_STANDARD = c11;
				GCC_INLINES_ARE_PRIVATE_EXTERN = YES;
				GCC_MODEL_TUNING = G5;
				GCC_NO_COMMON_BLOCKS = YES;
				GCC_WARN_64_TO_32_BIT_CONVERSION = YES;
				GCC_WARN_ABOUT_RETURN_TYPE = YES;
				GCC_WARN_CHECK_SWITCH_STATEMENTS = YES;
				GCC_WARN_MISSING_PARENTHESES = YES;
				GCC_WARN_NON_VIRTUAL_DESTRUCTOR = YES;
				GCC_WARN_TYPECHECK_CALLS_TO_PRINTF = YES;
				GCC_WARN_UNDECLARED_SELECTOR = YES;
				GCC_WARN_UNINITIALIZED_AUTOS = YES;
				GCC_WARN_UNUSED_FUNCTION = YES;
				GCC_WARN_UNUSED_VARIABLE = YES;
				PRODUCT_NAME = "BowedString";
				WARNING_CFLAGS = -Wreorder;
				ZERO_LINK = NO;
			};
			name = Release;
		};
		ECD311F4177AFF97BAB3C95B = {
			isa = PBXTargetDependency;
			target = 1642BE75FCB9C1EEF5929AD9;
		};
		E7A9D1573C8ED2DE93F75DE6 = {
			isa = XCConfigurationList;
			buildConfigurations = (
				61B5F54286370A0F82A6D771,
				E90B0AE8C8329A087FCF4DC3,
			);
			defaultConfigurationIsVisible = 0;
			defaultConfigurationName = Debug;
		};
		D44DA3EC37E198A716D3096E = {
			isa = XCConfigurationList;
			buildConfigurations = (
				61013E1CE1974E0C76A3EBC0,
				01231EBB616564EBD110842A,
			);
			defaultConfigurationIsVisible = 0;
			defaultConfigurationName = Debug;
		};
		7BC0B153AE62C394961600CD = {
			isa = PBXResourcesBuildPhase;
			buildActionMask = 2147483647;
			files = (
				B013DD0432BFFA49DEC5CD26,
			);
			runOnlyForDeploymentPostprocessing = 0;
		};
		D498C1185365677D868163A5 = {
			isa = PBXSourcesBuildPhase;
			buildActionMask = 2147483647;
			files = (
				250085B3E0681851E1993755,
				23153F859CABCB2B2A54C449,
				DB4C8946A090FFA46FF14868,
				5532207F31C0F3EBDA84995E,
				34E5AC9402F19AB91C656B55,
				CF2D10900D0A09EDB609A29E,
				FA300114F5DEB6BACB7A8908,
				070C1CB3D57C589550F3B766,
				64358E9BFE18191FFF0DFCFD,
				F035D995BC51B30511428C02,
				475035956996CDF9211A19EA,
				8FF2E1AF2D29103564D5B8DE,
				22D8FABEE2CC910240359D70,
				FF1E2E9A665D4F16DFF17FF9,
				919DD691E822BB2668A10C85,
				DFAE46F6ABFAD03C81B6BDF2,
			);
			runOnlyForDeploymentPostprocessing = 0;
		};
		08715E548E9F1473DCCF2937 = {
			isa = PBXFrameworksBuildPhase;
			buildActionMask = 2147483647;
			files = (
				0C5766E48C796C2BE2490406,
				941A419BFEAE9856B1E60098,
				AA456DAA58AB2898238103BA,
				E5271D3BCA6FCC506DF02187,
				9086129A48FAFFDDBBC1B482,
				EA61D8A52D277D306C679FD4,
				55539D85E10024AC491FA926,
				5D38C3F60E2C222BE87185D2,
				2B545589B1A6BB6F0AE8EF34,
				BA6BDDF684CDDCF0F6DC20F6,
				FC9B113A6177CC3025B87C44,
			);
			runOnlyForDeploymentPostprocessing = 0;
		};
		1642BE75FCB9C1EEF5929AD9 = {
			isa = PBXNativeTarget;
			buildConfigurationList = D44DA3EC37E198A716D3096E;
			buildPhases = (
				7BC0B153AE62C394961600CD,
				D498C1185365677D868163A5,
				08715E548E9F1473DCCF2937,
			);
			buildRules = ( );
			dependencies = ( );
			name = "BowedString - App";
			productName = BowedString;
			productReference = 90356ACE1B5CD6E5D9DEE371;
			productType = "com.apple.product-type.application";
		};
		91128A79376C232DAAE60D6C = {
			isa = PBXProject;
			buildConfigurationList = E7A9D1573C8ED2DE93F75DE6;
			attributes = { LastUpgradeCheck = 0930; ORGANIZATIONNAME = ""; TargetAttributes = { 1642BE75FCB9C1EEF5929AD9 = { SystemCapabilities = {com.apple.ApplicationGroups.iOS = { enabled = 0; }; com.apple.InAppPurchase = { enabled = 0; }; com.apple.InterAppAudio = { enabled = 0; }; com.apple.Push = { enabled = 0; }; com.apple.Sandbox = { enabled = 0; }; }; }; }; };
			compatibilityVersion = "Xcode 3.2";
			hasScannedForEncodings = 0;
			mainGroup = AFBC8E2D56419608A77738A3;
			projectDirPath = "";
			projectRoot = "";
			targets = (1642BE75FCB9C1EEF5929AD9);
		};
	};
	rootObject = 91128A79376C232DAAE60D6C;
}
